
Microsoft Visual Studio Solution File, Format Version 12.00
# Visual Studio Version 17
VisualStudioVersion = 17.11.35222.181
MinimumVisualStudioVersion = 10.0.40219.1
Project("{FAE04EC0-301F-11D3-BF4B-00C04F79EFBC}") = "RazorPagesPizza", "RazorPagesPizza.csproj", "{A40A1E50-9C3C-4FE6-A62F-9275CB12D426}"
EndProject
Global
	GlobalSection(SolutionConfigurationPlatforms) = preSolution
		Debug|Any CPU = Debug|Any CPU
		Release|Any CPU = Release|Any CPU
	EndGlobalSection
	GlobalSection(ProjectConfigurationPlatforms) = postSolution
		{A40A1E50-9C3C-4FE6-A62F-9275CB12D426}.Debug|Any CPU.ActiveCfg = Debug|Any CPU
		{A40A1E50-9C3C-4FE6-A62F-9275CB12D426}.Debug|Any CPU.Build.0 = Debug|Any CPU
		{A40A1E50-9C3C-4FE6-A62F-9275CB12D426}.Release|Any CPU.ActiveCfg = Release|Any CPU
		{A40A1E50-9C3C-4FE6-A62F-9275CB12D426}.Release|Any CPU.Build.0 = Release|Any CPU
	EndGlobalSection
	GlobalSection(SolutionProperties) = preSolution
		HideSolutionNode = FALSE
	EndGlobalSection
	GlobalSection(ExtensibilityGlobals) = postSolution
		SolutionGuid = {B62F7B54-C521-4A32-B85A-81E64FE98F38}
	EndGlobalSection
EndGlobal
